
Microsoft Visual Studio Solution File, Format Version 12.00
# Visual Studio Version 17
VisualStudioVersion = 17.0.31903.59
MinimumVisualStudioVersion = 10.0.40219.1
Project("{F2A71F9B-5D33-465A-A702-920D77279786}") = "SharpDag", "SharpDag\SharpDag.fsproj", "{074A0078-01EF-456B-84E0-AA82633B8F25}"
EndProject
Project("{FAE04EC0-301F-11D3-BF4B-00C04F79EFBC}") = "SharpDag.Tests", "SharpDag.Tests\SharpDag.Tests.csproj", "{EB268CF7-B479-4ABF-97A7-531C90DFEF14}"
EndProject
Project("{2150E333-8FDC-42A3-9474-1A3956D46DE8}") = ".circleci", ".circleci", "{AD468660-445C-4D2E-B047-20E256B1F833}"
	ProjectSection(SolutionItems) = preProject
		.circleci\config.yml = .circleci\config.yml
	EndProjectSection
EndProject
Global
	GlobalSection(SolutionConfigurationPlatforms) = preSolution
		Debug|Any CPU = Debug|Any CPU
		Release|Any CPU = Release|Any CPU
	EndGlobalSection
	GlobalSection(SolutionProperties) = preSolution
		HideSolutionNode = FALSE
	EndGlobalSection
	GlobalSection(ProjectConfigurationPlatforms) = postSolution
		{074A0078-01EF-456B-84E0-AA82633B8F25}.Debug|Any CPU.ActiveCfg = Debug|Any CPU
		{074A0078-01EF-456B-84E0-AA82633B8F25}.Debug|Any CPU.Build.0 = Debug|Any CPU
		{074A0078-01EF-456B-84E0-AA82633B8F25}.Release|Any CPU.ActiveCfg = Release|Any CPU
		{074A0078-01EF-456B-84E0-AA82633B8F25}.Release|Any CPU.Build.0 = Release|Any CPU
		{EB268CF7-B479-4ABF-97A7-531C90DFEF14}.Debug|Any CPU.ActiveCfg = Debug|Any CPU
		{EB268CF7-B479-4ABF-97A7-531C90DFEF14}.Debug|Any CPU.Build.0 = Debug|Any CPU
		{EB268CF7-B479-4ABF-97A7-531C90DFEF14}.Release|Any CPU.ActiveCfg = Release|Any CPU
		{EB268CF7-B479-4ABF-97A7-531C90DFEF14}.Release|Any CPU.Build.0 = Release|Any CPU
	EndGlobalSection
EndGlobal
